// !$*UTF8*$!
{
	archiveVersion = 1;
	classes = {
	};
	objectVersion = 50;
	objects = {

/* Begin PBXBuildFile section */
		BB7BDA8221619985005B5976 /* MVVM_C_Kit.framework in Frameworks */ = {isa = PBXBuildFile; fileRef = BB7BDA7821619985005B5976 /* MVVM_C_Kit.framework */; };
		BB7BDA8721619985005B5976 /* MVVM_C_KitTests.swift in Sources */ = {isa = PBXBuildFile; fileRef = BB7BDA8621619985005B5976 /* MVVM_C_KitTests.swift */; };
		BB7BDA8921619985005B5976 /* MVVM_C_Kit.h in Headers */ = {isa = PBXBuildFile; fileRef = BB7BDA7B21619985005B5976 /* MVVM_C_Kit.h */; settings = {ATTRIBUTES = (Public, ); }; };
/* End PBXBuildFile section */

/* Begin PBXContainerItemProxy section */
		BB7BDA8321619985005B5976 /* PBXContainerItemProxy */ = {
			isa = PBXContainerItemProxy;
			containerPortal = BB7BDA6F21619985005B5976 /* Project object */;
			proxyType = 1;
			remoteGlobalIDString = BB7BDA7721619985005B5976;
			remoteInfo = "MVVM-C_Kit";
		};
/* End PBXContainerItemProxy section */

/* Begin PBXFileReference section */
		BB7BDA7821619985005B5976 /* MVVM_C_Kit.framework */ = {isa = PBXFileReference; explicitFileType = wrapper.framework; includeInIndex = 0; path = MVVM_C_Kit.framework; sourceTree = BUILT_PRODUCTS_DIR; };
		BB7BDA7B21619985005B5976 /* MVVM_C_Kit.h */ = {isa = PBXFileReference; lastKnownFileType = sourcecode.c.h; path = MVVM_C_Kit.h; sourceTree = "<group>"; };
		BB7BDA7C21619985005B5976 /* Info.plist */ = {isa = PBXFileReference; lastKnownFileType = text.plist.xml; path = Info.plist; sourceTree = "<group>"; };
		BB7BDA8121619985005B5976 /* MVVM-C_KitTests.xctest */ = {isa = PBXFileReference; explicitFileType = wrapper.cfbundle; includeInIndex = 0; path = "MVVM-C_KitTests.xctest"; sourceTree = BUILT_PRODUCTS_DIR; };
		BB7BDA8621619985005B5976 /* MVVM_C_KitTests.swift */ = {isa = PBXFileReference; lastKnownFileType = sourcecode.swift; path = MVVM_C_KitTests.swift; sourceTree = "<group>"; };
		BB7BDA8821619985005B5976 /* Info.plist */ = {isa = PBXFileReference; lastKnownFileType = text.plist.xml; path = Info.plist; sourceTree = "<group>"; };
/* End PBXFileReference section */

/* Begin PBXFrameworksBuildPhase section */
		BB7BDA7521619985005B5976 /* Frameworks */ = {
			isa = PBXFrameworksBuildPhase;
			buildActionMask = 2147483647;
			files = (
			);
			runOnlyForDeploymentPostprocessing = 0;
		};
		BB7BDA7E21619985005B5976 /* Frameworks */ = {
			isa = PBXFrameworksBuildPhase;
			buildActionMask = 2147483647;
			files = (
				BB7BDA8221619985005B5976 /* MVVM_C_Kit.framework in Frameworks */,
			);
			runOnlyForDeploymentPostprocessing = 0;
		};
/* End PBXFrameworksBuildPhase section */

/* Begin PBXGroup section */
		BB7BDA6E21619985005B5976 = {
			isa = PBXGroup;
			children = (
				BB7BDA7A21619985005B5976 /* MVVM-C_Kit */,
				BB7BDA8521619985005B5976 /* MVVM-C_KitTests */,
				BB7BDA7921619985005B5976 /* Products */,
			);
			sourceTree = "<group>";
		};
		BB7BDA7921619985005B5976 /* Products */ = {
			isa = PBXGroup;
			children = (
				BB7BDA7821619985005B5976 /* MVVM_C_Kit.framework */,
				BB7BDA8121619985005B5976 /* MVVM-C_KitTests.xctest */,
			);
			name = Products;
			sourceTree = "<group>";
		};
		BB7BDA7A21619985005B5976 /* MVVM-C_Kit */ = {
			isa = PBXGroup;
			children = (
				BB7BDA7B21619985005B5976 /* MVVM_C_Kit.h */,
				BB7BDA7C21619985005B5976 /* Info.plist */,
			);
			path = "MVVM-C_Kit";
			sourceTree = "<group>";
		};
		BB7BDA8521619985005B5976 /* MVVM-C_KitTests */ = {
			isa = PBXGroup;
			children = (
				BB7BDA8621619985005B5976 /* MVVM_C_KitTests.swift */,
				BB7BDA8821619985005B5976 /* Info.plist */,
			);
			path = "MVVM-C_KitTests";
			sourceTree = "<group>";
		};
/* End PBXGroup section */

/* Begin PBXHeadersBuildPhase section */
		BB7BDA7321619985005B5976 /* Headers */ = {
			isa = PBXHeadersBuildPhase;
			buildActionMask = 2147483647;
			files = (
				BB7BDA8921619985005B5976 /* MVVM_C_Kit.h in Headers */,
			);
			runOnlyForDeploymentPostprocessing = 0;
		};
/* End PBXHeadersBuildPhase section */

/* Begin PBXNativeTarget section */
		BB7BDA7721619985005B5976 /* MVVM-C_Kit */ = {
			isa = PBXNativeTarget;
			buildConfigurationList = BB7BDA8C21619985005B5976 /* Build configuration list for PBXNativeTarget "MVVM-C_Kit" */;
			buildPhases = (
				BB7BDA7321619985005B5976 /* Headers */,
				BB7BDA7421619985005B5976 /* Sources */,
				BB7BDA7521619985005B5976 /* Frameworks */,
				BB7BDA7621619985005B5976 /* Resources */,
			);
			buildRules = (
			);
			dependencies = (
			);
			name = "MVVM-C_Kit";
			productName = "MVVM-C_Kit";
			productReference = BB7BDA7821619985005B5976 /* MVVM_C_Kit.framework */;
			productType = "com.apple.product-type.framework";
		};
		BB7BDA8021619985005B5976 /* MVVM-C_KitTests */ = {
			isa = PBXNativeTarget;
			buildConfigurationList = BB7BDA8F21619985005B5976 /* Build configuration list for PBXNativeTarget "MVVM-C_KitTests" */;
			buildPhases = (
				BB7BDA7D21619985005B5976 /* Sources */,
				BB7BDA7E21619985005B5976 /* Frameworks */,
				BB7BDA7F21619985005B5976 /* Resources */,
			);
			buildRules = (
			);
			dependencies = (
				BB7BDA8421619985005B5976 /* PBXTargetDependency */,
			);
			name = "MVVM-C_KitTests";
			productName = "MVVM-C_KitTests";
			productReference = BB7BDA8121619985005B5976 /* MVVM-C_KitTests.xctest */;
			productType = "com.apple.product-type.bundle.unit-test";
		};
/* End PBXNativeTarget section */

/* Begin PBXProject section */
		BB7BDA6F21619985005B5976 /* Project object */ = {
			isa = PBXProject;
			attributes = {
				LastSwiftUpdateCheck = 1010;
				LastUpgradeCheck = 1010;
				ORGANIZATIONNAME = "Zocalo Devs";
				TargetAttributes = {
					BB7BDA7721619985005B5976 = {
						CreatedOnToolsVersion = 10.1;
					};
					BB7BDA8021619985005B5976 = {
						CreatedOnToolsVersion = 10.1;
					};
				};
			};
			buildConfigurationList = BB7BDA7221619985005B5976 /* Build configuration list for PBXProject "MVVM-C_Kit" */;
			compatibilityVersion = "Xcode 9.3";
			developmentRegion = en;
			hasScannedForEncodings = 0;
			knownRegions = (
				en,
			);
			mainGroup = BB7BDA6E21619985005B5976;
			productRefGroup = BB7BDA7921619985005B5976 /* Products */;
			projectDirPath = "";
			projectRoot = "";
			targets = (
				BB7BDA7721619985005B5976 /* MVVM-C_Kit */,
				BB7BDA8021619985005B5976 /* MVVM-C_KitTests */,
			);
		};
/* End PBXProject section */

/* Begin PBXResourcesBuildPhase section */
		BB7BDA7621619985005B5976 /* Resources */ = {
			isa = PBXResourcesBuildPhase;
			buildActionMask = 2147483647;
			files = (
			);
			runOnlyForDeploymentPostprocessing = 0;
		};
		BB7BDA7F21619985005B5976 /* Resources */ = {
			isa = PBXResourcesBuildPhase;
			buildActionMask = 2147483647;
			files = (
			);
			runOnlyForDeploymentPostprocessing = 0;
		};
/* End PBXResourcesBuildPhase section */

/* Begin PBXSourcesBuildPhase section */
		BB7BDA7421619985005B5976 /* Sources */ = {
			isa = PBXSourcesBuildPhase;
			buildActionMask = 2147483647;
			files = (
			);
			runOnlyForDeploymentPostprocessing = 0;
		};
		BB7BDA7D21619985005B5976 /* Sources */ = {
			isa = PBXSourcesBuildPhase;
			buildActionMask = 2147483647;
			files = (
				BB7BDA8721619985005B5976 /* MVVM_C_KitTests.swift in Sources */,
			);
			runOnlyForDeploymentPostprocessing = 0;
		};
/* End PBXSourcesBuildPhase section */

/* Begin PBXTargetDependency section */
		BB7BDA8421619985005B5976 /* PBXTargetDependency */ = {
			isa = PBXTargetDependency;
			target = BB7BDA7721619985005B5976 /* MVVM-C_Kit */;
			targetProxy = BB7BDA8321619985005B5976 /* PBXContainerItemProxy */;
		};
/* End PBXTargetDependency section */

/* Begin XCBuildConfiguration section */
		BB7BDA8A21619985005B5976 /* Debug */ = {
			isa = XCBuildConfiguration;
			buildSettings = {
				ALWAYS_SEARCH_USER_PATHS = NO;
				CLANG_ANALYZER_NONNULL = YES;
				CLANG_ANALYZER_NUMBER_OBJECT_CONVERSION = YES_AGGRESSIVE;
				CLANG_CXX_LANGUAGE_STANDARD = "gnu++14";
				CLANG_CXX_LIBRARY = "libc++";
				CLANG_ENABLE_MODULES = YES;
				CLANG_ENABLE_OBJC_ARC = YES;
				CLANG_ENABLE_OBJC_WEAK = YES;
				CLANG_WARN_BLOCK_CAPTURE_AUTORELEASING = YES;
				CLANG_WARN_BOOL_CONVERSION = YES;
				CLANG_WARN_COMMA = YES;
				CLANG_WARN_CONSTANT_CONVERSION = YES;
				CLANG_WARN_DEPRECATED_OBJC_IMPLEMENTATIONS = YES;
				CLANG_WARN_DIRECT_OBJC_ISA_USAGE = YES_ERROR;
				CLANG_WARN_DOCUMENTATION_COMMENTS = YES;
				CLANG_WARN_EMPTY_BODY = YES;
				CLANG_WARN_ENUM_CONVERSION = YES;
				CLANG_WARN_INFINITE_RECURSION = YES;
				CLANG_WARN_INT_CONVERSION = YES;
				CLANG_WARN_NON_LITERAL_NULL_CONVERSION = YES;
				CLANG_WARN_OBJC_IMPLICIT_RETAIN_SELF = YES;
				CLANG_WARN_OBJC_LITERAL_CONVERSION = YES;
				CLANG_WARN_OBJC_ROOT_CLASS = YES_ERROR;
				CLANG_WARN_RANGE_LOOP_ANALYSIS = YES;
				CLANG_WARN_STRICT_PROTOTYPES = YES;
				CLANG_WARN_SUSPICIOUS_MOVE = YES;
				CLANG_WARN_UNGUARDED_AVAILABILITY = YES_AGGRESSIVE;
				CLANG_WARN_UNREACHABLE_CODE = YES;
				CLANG_WARN__DUPLICATE_METHOD_MATCH = YES;
				CODE_SIGN_IDENTITY = "iPhone Developer";
				COPY_PHASE_STRIP = NO;
				CURRENT_PROJECT_VERSION = 1;
				DEBUG_INFORMATION_FORMAT = dwarf;
				ENABLE_STRICT_OBJC_MSGSEND = YES;
				ENABLE_TESTABILITY = YES;
				GCC_C_LANGUAGE_STANDARD = gnu11;
				GCC_DYNAMIC_NO_PIC = NO;
				GCC_NO_COMMON_BLOCKS = YES;
				GCC_OPTIMIZATION_LEVEL = 0;
				GCC_PREPROCESSOR_DEFINITIONS = (
					"DEBUG=1",
					"$(inherited)",
				);
				GCC_WARN_64_TO_32_BIT_CONVERSION = YES;
				GCC_WARN_ABOUT_RETURN_TYPE = YES_ERROR;
				GCC_WARN_UNDECLARED_SELECTOR = YES;
				GCC_WARN_UNINITIALIZED_AUTOS = YES_AGGRESSIVE;
				GCC_WARN_UNUSED_FUNCTION = YES;
				GCC_WARN_UNUSED_VARIABLE = YES;
				IPHONEOS_DEPLOYMENT_TARGET = 12.1;
				MTL_ENABLE_DEBUG_INFO = INCLUDE_SOURCE;
				MTL_FAST_MATH = YES;
				ONLY_ACTIVE_ARCH = YES;
				SDKROOT = iphoneos;
				SWIFT_ACTIVE_COMPILATION_CONDITIONS = DEBUG;
				SWIFT_OPTIMIZATION_LEVEL = "-Onone";
				VERSIONING_SYSTEM = "apple-generic";
				VERSION_INFO_PREFIX = "";
			};
			name = Debug;
		};
		BB7BDA8B21619985005B5976 /* Release */ = {
			isa = XCBuildConfiguration;
			buildSettings = {
				ALWAYS_SEARCH_USER_PATHS = NO;
				CLANG_ANALYZER_NONNULL = YES;
				CLANG_ANALYZER_NUMBER_OBJECT_CONVERSION = YES_AGGRESSIVE;
				CLANG_CXX_LANGUAGE_STANDARD = "gnu++14";
				CLANG_CXX_LIBRARY = "libc++";
				CLANG_ENABLE_MODULES = YES;
				CLANG_ENABLE_OBJC_ARC = YES;
				CLANG_ENABLE_OBJC_WEAK = YES;
				CLANG_WARN_BLOCK_CAPTURE_AUTORELEASING = YES;
				CLANG_WARN_BOOL_CONVERSION = YES;
				CLANG_WARN_COMMA = YES;
				CLANG_WARN_CONSTANT_CONVERSION = YES;
				CLANG_WARN_DEPRECATED_OBJC_IMPLEMENTATIONS = YES;
				CLANG_WARN_DIRECT_OBJC_ISA_USAGE = YES_ERROR;
				CLANG_WARN_DOCUMENTATION_COMMENTS = YES;
				CLANG_WARN_EMPTY_BODY = YES;
				CLANG_WARN_ENUM_CONVERSION = YES;
				CLANG_WARN_INFINITE_RECURSION = YES;
				CLANG_WARN_INT_CONVERSION = YES;
				CLANG_WARN_NON_LITERAL_NULL_CONVERSION = YES;
				CLANG_WARN_OBJC_IMPLICIT_RETAIN_SELF = YES;
				CLANG_WARN_OBJC_LITERAL_CONVERSION = YES;
				CLANG_WARN_OBJC_ROOT_CLASS = YES_ERROR;
				CLANG_WARN_RANGE_LOOP_ANALYSIS = YES;
				CLANG_WARN_STRICT_PROTOTYPES = YES;
				CLANG_WARN_SUSPICIOUS_MOVE = YES;
				CLANG_WARN_UNGUARDED_AVAILABILITY = YES_AGGRESSIVE;
				CLANG_WARN_UNREACHABLE_CODE = YES;
				CLANG_WARN__DUPLICATE_METHOD_MATCH = YES;
				CODE_SIGN_IDENTITY = "iPhone Developer";
				COPY_PHASE_STRIP = NO;
				CURRENT_PROJECT_VERSION = 1;
				DEBUG_INFORMATION_FORMAT = "dwarf-with-dsym";
				ENABLE_NS_ASSERTIONS = NO;
				ENABLE_STRICT_OBJC_MSGSEND = YES;
				GCC_C_LANGUAGE_STANDARD = gnu11;
				GCC_NO_COMMON_BLOCKS = YES;
				GCC_WARN_64_TO_32_BIT_CONVERSION = YES;
				GCC_WARN_ABOUT_RETURN_TYPE = YES_ERROR;
				GCC_WARN_UNDECLARED_SELECTOR = YES;
				GCC_WARN_UNINITIALIZED_AUTOS = YES_AGGRESSIVE;
				GCC_WARN_UNUSED_FUNCTION = YES;
				GCC_WARN_UNUSED_VARIABLE = YES;
				IPHONEOS_DEPLOYMENT_TARGET = 12.1;
				MTL_ENABLE_DEBUG_INFO = NO;
				MTL_FAST_MATH = YES;
				SDKROOT = iphoneos;
				SWIFT_COMPILATION_MODE = wholemodule;
				SWIFT_OPTIMIZATION_LEVEL = "-O";
				VALIDATE_PRODUCT = YES;
				VERSIONING_SYSTEM = "apple-generic";
				VERSION_INFO_PREFIX = "";
			};
			name = Release;
		};
		BB7BDA8D21619985005B5976 /* Debug */ = {
			isa = XCBuildConfiguration;
			buildSettings = {
				CODE_SIGN_IDENTITY = "";
				CODE_SIGN_STYLE = Automatic;
				DEFINES_MODULE = YES;
				DEVELOPMENT_TEAM = D77GH42Z35;
				DYLIB_COMPATIBILITY_VERSION = 1;
				DYLIB_CURRENT_VERSION = 1;
				DYLIB_INSTALL_NAME_BASE = "@rpath";
				INFOPLIST_FILE = "MVVM-C_Kit/Info.plist";
				INSTALL_PATH = "$(LOCAL_LIBRARY_DIR)/Frameworks";
				LD_RUNPATH_SEARCH_PATHS = (
					"$(inherited)",
					"@executable_path/Frameworks",
					"@loader_path/Frameworks",
				);
				PRODUCT_BUNDLE_IDENTIFIER = "net.nedron.zocalo.MVVM-C-Kit";
				PRODUCT_NAME = "$(TARGET_NAME:c99extidentifier)";
				SKIP_INSTALL = YES;
				SWIFT_VERSION = 4.2;
				TARGETED_DEVICE_FAMILY = "1,2";
			};
			name = Debug;
		};
		BB7BDA8E21619985005B5976 /* Release */ = {
			isa = XCBuildConfiguration;
			buildSettings = {
				CODE_SIGN_IDENTITY = "";
				CODE_SIGN_STYLE = Automatic;
				DEFINES_MODULE = YES;
				DEVELOPMENT_TEAM = D77GH42Z35;
				DYLIB_COMPATIBILITY_VERSION = 1;
				DYLIB_CURRENT_VERSION = 1;
				DYLIB_INSTALL_NAME_BASE = "@rpath";
				INFOPLIST_FILE = "MVVM-C_Kit/Info.plist";
				INSTALL_PATH = "$(LOCAL_LIBRARY_DIR)/Frameworks";
				LD_RUNPATH_SEARCH_PATHS = (
					"$(inherited)",
					"@executable_path/Frameworks",
					"@loader_path/Frameworks",
				);
				PRODUCT_BUNDLE_IDENTIFIER = "net.nedron.zocalo.MVVM-C-Kit";
				PRODUCT_NAME = "$(TARGET_NAME:c99extidentifier)";
				SKIP_INSTALL = YES;
				SWIFT_VERSION = 4.2;
				TARGETED_DEVICE_FAMILY = "1,2";
			};
			name = Release;
		};
		BB7BDA9021619985005B5976 /* Debug */ = {
			isa = XCBuildConfiguration;
			buildSettings = {
				CODE_SIGN_STYLE = Automatic;
				DEVELOPMENT_TEAM = D77GH42Z35;
				INFOPLIST_FILE = "MVVM-C_KitTests/Info.plist";
				LD_RUNPATH_SEARCH_PATHS = (
					"$(inherited)",
					"@executable_path/Frameworks",
					"@loader_path/Frameworks",
				);
				PRODUCT_BUNDLE_IDENTIFIER = "net.nedron.zocalo.MVVM-C-KitTests";
				PRODUCT_NAME = "$(TARGET_NAME)";
				SWIFT_VERSION = 4.2;
				TARGETED_DEVICE_FAMILY = "1,2";
			};
			name = Debug;
		};
		BB7BDA9121619985005B5976 /* Release */ = {
			isa = XCBuildConfiguration;
			buildSettings = {
				CODE_SIGN_STYLE = Automatic;
				DEVELOPMENT_TEAM = D77GH42Z35;
				INFOPLIST_FILE = "MVVM-C_KitTests/Info.plist";
				LD_RUNPATH_SEARCH_PATHS = (
					"$(inherited)",
					"@executable_path/Frameworks",
					"@loader_path/Frameworks",
				);
				PRODUCT_BUNDLE_IDENTIFIER = "net.nedron.zocalo.MVVM-C-KitTests";
				PRODUCT_NAME = "$(TARGET_NAME)";
				SWIFT_VERSION = 4.2;
				TARGETED_DEVICE_FAMILY = "1,2";
			};
			name = Release;
		};
/* End XCBuildConfiguration section */

/* Begin XCConfigurationList section */
		BB7BDA7221619985005B5976 /* Build configuration list for PBXProject "MVVM-C_Kit" */ = {
			isa = XCConfigurationList;
			buildConfigurations = (
				BB7BDA8A21619985005B5976 /* Debug */,
				BB7BDA8B21619985005B5976 /* Release */,
			);
			defaultConfigurationIsVisible = 0;
			defaultConfigurationName = Release;
		};
		BB7BDA8C21619985005B5976 /* Build configuration list for PBXNativeTarget "MVVM-C_Kit" */ = {
			isa = XCConfigurationList;
			buildConfigurations = (
				BB7BDA8D21619985005B5976 /* Debug */,
				BB7BDA8E21619985005B5976 /* Release */,
			);
			defaultConfigurationIsVisible = 0;
			defaultConfigurationName = Release;
		};
		BB7BDA8F21619985005B5976 /* Build configuration list for PBXNativeTarget "MVVM-C_KitTests" */ = {
			isa = XCConfigurationList;
			buildConfigurations = (
				BB7BDA9021619985005B5976 /* Debug */,
				BB7BDA9121619985005B5976 /* Release */,
			);
			defaultConfigurationIsVisible = 0;
			defaultConfigurationName = Release;
		};
/* End XCConfigurationList section */
	};
	rootObject = BB7BDA6F21619985005B5976 /* Project object */;
}
